// !$*UTF8*$!
{
	archiveVersion = 1;
	classes = {
	};
	objectVersion = 56;
	objects = {

/* Begin PBXBuildFile section */
		E820183A2BEDF4E3009ECDAE /* SearchViewController.swift in Sources */ = {isa = PBXBuildFile; fileRef = E82018392BEDF4E3009ECDAE /* SearchViewController.swift */; };
		E820183C2BEDF4EF009ECDAE /* BookmarkViewController.swift in Sources */ = {isa = PBXBuildFile; fileRef = E820183B2BEDF4EF009ECDAE /* BookmarkViewController.swift */; };
		E820183E2BEDF648009ECDAE /* BookmarkViewModel.swift in Sources */ = {isa = PBXBuildFile; fileRef = E820183D2BEDF648009ECDAE /* BookmarkViewModel.swift */; };
		E82018402BEDF686009ECDAE /* SearchViewModel.swift in Sources */ = {isa = PBXBuildFile; fileRef = E820183F2BEDF686009ECDAE /* SearchViewModel.swift */; };
		E82018422BEDF690009ECDAE /* HomeViewModel.swift in Sources */ = {isa = PBXBuildFile; fileRef = E82018412BEDF690009ECDAE /* HomeViewModel.swift */; };
		E82018442BEE0F5F009ECDAE /* HomeBannerCollectionViewCell.swift in Sources */ = {isa = PBXBuildFile; fileRef = E82018432BEE0F5F009ECDAE /* HomeBannerCollectionViewCell.swift */; };
		E82018472BEE6789009ECDAE /* HomeButtonCollectionViewCell.swift in Sources */ = {isa = PBXBuildFile; fileRef = E82018462BEE6789009ECDAE /* HomeButtonCollectionViewCell.swift */; };
		E82018492BEE7A3B009ECDAE /* HomeRestaurantCollectionViewCell.swift in Sources */ = {isa = PBXBuildFile; fileRef = E82018482BEE7A3B009ECDAE /* HomeRestaurantCollectionViewCell.swift */; };
		E820184E2BEFDD95009ECDAE /* Restaurant.swift in Sources */ = {isa = PBXBuildFile; fileRef = E820184D2BEFDD95009ECDAE /* Restaurant.swift */; };
		E82018532BF06FF8009ECDAE /* URLRequest.swift in Sources */ = {isa = PBXBuildFile; fileRef = E82018522BF06FF8009ECDAE /* URLRequest.swift */; };
		E82018552BF07024009ECDAE /* HTTPMethod.swift in Sources */ = {isa = PBXBuildFile; fileRef = E82018542BF07024009ECDAE /* HTTPMethod.swift */; };
		E82018582BF071BB009ECDAE /* NetworkError.swift in Sources */ = {isa = PBXBuildFile; fileRef = E82018572BF071BB009ECDAE /* NetworkError.swift */; };
		E82018642BF07ABD009ECDAE /* TabeyouTests.swift in Sources */ = {isa = PBXBuildFile; fileRef = E82018632BF07ABD009ECDAE /* TabeyouTests.swift */; };
		E820186B2BF07AF9009ECDAE /* APIClientTest.swift in Sources */ = {isa = PBXBuildFile; fileRef = E820186A2BF07AF9009ECDAE /* APIClientTest.swift */; };
		E820186D2BF0A205009ECDAE /* NetworkService.swift in Sources */ = {isa = PBXBuildFile; fileRef = E820186C2BF0A205009ECDAE /* NetworkService.swift */; };
		E820186E2BF0B050009ECDAE /* APIClient.swift in Sources */ = {isa = PBXBuildFile; fileRef = E820184B2BEF74DC009ECDAE /* APIClient.swift */; };
		E82018702BF0EEA3009ECDAE /* HomeTextCollectionViewCell.swift in Sources */ = {isa = PBXBuildFile; fileRef = E820186F2BF0EEA3009ECDAE /* HomeTextCollectionViewCell.swift */; };
		E82018722BF0FAC2009ECDAE /* AppColors.swift in Sources */ = {isa = PBXBuildFile; fileRef = E82018712BF0FAC2009ECDAE /* AppColors.swift */; };
		E82018782BF1F954009ECDAE /* ResultListViewController.swift in Sources */ = {isa = PBXBuildFile; fileRef = E82018772BF1F954009ECDAE /* ResultListViewController.swift */; };
		E820187E2BF20A50009ECDAE /* ResultTableViewCell.swift in Sources */ = {isa = PBXBuildFile; fileRef = E820187C2BF20A50009ECDAE /* ResultTableViewCell.swift */; };
		E820187F2BF20A50009ECDAE /* ResultTableViewCell.xib in Resources */ = {isa = PBXBuildFile; fileRef = E820187D2BF20A50009ECDAE /* ResultTableViewCell.xib */; };
		E82018812BF23695009ECDAE /* ResultDetailViewController.swift in Sources */ = {isa = PBXBuildFile; fileRef = E82018802BF23695009ECDAE /* ResultDetailViewController.swift */; };
		E86C4C092BEB523F0004F69C /* AppDelegate.swift in Sources */ = {isa = PBXBuildFile; fileRef = E86C4C082BEB523F0004F69C /* AppDelegate.swift */; };
		E86C4C0B2BEB523F0004F69C /* SceneDelegate.swift in Sources */ = {isa = PBXBuildFile; fileRef = E86C4C0A2BEB523F0004F69C /* SceneDelegate.swift */; };
		E86C4C0D2BEB523F0004F69C /* HomeViewController.swift in Sources */ = {isa = PBXBuildFile; fileRef = E86C4C0C2BEB523F0004F69C /* HomeViewController.swift */; };
		E86C4C102BEB523F0004F69C /* Base in Resources */ = {isa = PBXBuildFile; fileRef = E86C4C0F2BEB523F0004F69C /* Base */; };
		E86C4C122BEB52440004F69C /* Assets.xcassets in Resources */ = {isa = PBXBuildFile; fileRef = E86C4C112BEB52440004F69C /* Assets.xcassets */; };
		E86C4C152BEB52440004F69C /* Base in Resources */ = {isa = PBXBuildFile; fileRef = E86C4C142BEB52440004F69C /* Base */; };
		E86C4C1F2BEB53870004F69C /* Colors.xcassets in Resources */ = {isa = PBXBuildFile; fileRef = E86C4C1E2BEB53870004F69C /* Colors.xcassets */; };
		E86D1B322BF4DE7D0037E206 /* ResultListViewModel.swift in Sources */ = {isa = PBXBuildFile; fileRef = E86D1B312BF4DE7D0037E206 /* ResultListViewModel.swift */; };
		E86D1B362BF4ECE30037E206 /* ResultDetailViewModel.swift in Sources */ = {isa = PBXBuildFile; fileRef = E86D1B352BF4ECE30037E206 /* ResultDetailViewModel.swift */; };
		E8730B852C0323A2007F148E /* Kingfisher in Frameworks */ = {isa = PBXBuildFile; productRef = E8730B842C0323A2007F148E /* Kingfisher */; };
		E8D5F3DF2BF7B78800E45C5E /* ResultSortbyTableViewCell.swift in Sources */ = {isa = PBXBuildFile; fileRef = E8D5F3DD2BF7B78800E45C5E /* ResultSortbyTableViewCell.swift */; };
		E8D5F3E02BF7B78800E45C5E /* ResultSortbyTableViewCell.xib in Resources */ = {isa = PBXBuildFile; fileRef = E8D5F3DE2BF7B78800E45C5E /* ResultSortbyTableViewCell.xib */; };
/* End PBXBuildFile section */

/* Begin PBXContainerItemProxy section */
		E82018652BF07ABD009ECDAE /* PBXContainerItemProxy */ = {
			isa = PBXContainerItemProxy;
			containerPortal = E86C4BFD2BEB523F0004F69C /* Project object */;
			proxyType = 1;
			remoteGlobalIDString = E86C4C042BEB523F0004F69C;
			remoteInfo = Tabeyou;
		};
/* End PBXContainerItemProxy section */

/* Begin PBXFileReference section */
		E82018392BEDF4E3009ECDAE /* SearchViewController.swift */ = {isa = PBXFileReference; lastKnownFileType = sourcecode.swift; path = SearchViewController.swift; sourceTree = "<group>"; };
		E820183B2BEDF4EF009ECDAE /* BookmarkViewController.swift */ = {isa = PBXFileReference; lastKnownFileType = sourcecode.swift; path = BookmarkViewController.swift; sourceTree = "<group>"; };
		E820183D2BEDF648009ECDAE /* BookmarkViewModel.swift */ = {isa = PBXFileReference; lastKnownFileType = sourcecode.swift; path = BookmarkViewModel.swift; sourceTree = "<group>"; };
		E820183F2BEDF686009ECDAE /* SearchViewModel.swift */ = {isa = PBXFileReference; lastKnownFileType = sourcecode.swift; path = SearchViewModel.swift; sourceTree = "<group>"; };
		E82018412BEDF690009ECDAE /* HomeViewModel.swift */ = {isa = PBXFileReference; lastKnownFileType = sourcecode.swift; path = HomeViewModel.swift; sourceTree = "<group>"; };
		E82018432BEE0F5F009ECDAE /* HomeBannerCollectionViewCell.swift */ = {isa = PBXFileReference; lastKnownFileType = sourcecode.swift; path = HomeBannerCollectionViewCell.swift; sourceTree = "<group>"; };
		E82018462BEE6789009ECDAE /* HomeButtonCollectionViewCell.swift */ = {isa = PBXFileReference; lastKnownFileType = sourcecode.swift; path = HomeButtonCollectionViewCell.swift; sourceTree = "<group>"; };
		E82018482BEE7A3B009ECDAE /* HomeRestaurantCollectionViewCell.swift */ = {isa = PBXFileReference; lastKnownFileType = sourcecode.swift; path = HomeRestaurantCollectionViewCell.swift; sourceTree = "<group>"; };
		E820184B2BEF74DC009ECDAE /* APIClient.swift */ = {isa = PBXFileReference; lastKnownFileType = sourcecode.swift; path = APIClient.swift; sourceTree = "<group>"; };
		E820184D2BEFDD95009ECDAE /* Restaurant.swift */ = {isa = PBXFileReference; lastKnownFileType = sourcecode.swift; path = Restaurant.swift; sourceTree = "<group>"; };
		E82018522BF06FF8009ECDAE /* URLRequest.swift */ = {isa = PBXFileReference; lastKnownFileType = sourcecode.swift; path = URLRequest.swift; sourceTree = "<group>"; };
		E82018542BF07024009ECDAE /* HTTPMethod.swift */ = {isa = PBXFileReference; lastKnownFileType = sourcecode.swift; path = HTTPMethod.swift; sourceTree = "<group>"; };
		E82018572BF071BB009ECDAE /* NetworkError.swift */ = {isa = PBXFileReference; lastKnownFileType = sourcecode.swift; path = NetworkError.swift; sourceTree = "<group>"; };
		E82018612BF07ABD009ECDAE /* TabeyouTests.xctest */ = {isa = PBXFileReference; explicitFileType = wrapper.cfbundle; includeInIndex = 0; path = TabeyouTests.xctest; sourceTree = BUILT_PRODUCTS_DIR; };
		E82018632BF07ABD009ECDAE /* TabeyouTests.swift */ = {isa = PBXFileReference; lastKnownFileType = sourcecode.swift; path = TabeyouTests.swift; sourceTree = "<group>"; };
		E820186A2BF07AF9009ECDAE /* APIClientTest.swift */ = {isa = PBXFileReference; lastKnownFileType = sourcecode.swift; path = APIClientTest.swift; sourceTree = "<group>"; };
		E820186C2BF0A205009ECDAE /* NetworkService.swift */ = {isa = PBXFileReference; lastKnownFileType = sourcecode.swift; path = NetworkService.swift; sourceTree = "<group>"; };
		E820186F2BF0EEA3009ECDAE /* HomeTextCollectionViewCell.swift */ = {isa = PBXFileReference; lastKnownFileType = sourcecode.swift; path = HomeTextCollectionViewCell.swift; sourceTree = "<group>"; };
		E82018712BF0FAC2009ECDAE /* AppColors.swift */ = {isa = PBXFileReference; lastKnownFileType = sourcecode.swift; path = AppColors.swift; sourceTree = "<group>"; };
		E82018772BF1F954009ECDAE /* ResultListViewController.swift */ = {isa = PBXFileReference; lastKnownFileType = sourcecode.swift; path = ResultListViewController.swift; sourceTree = "<group>"; };
		E820187C2BF20A50009ECDAE /* ResultTableViewCell.swift */ = {isa = PBXFileReference; lastKnownFileType = sourcecode.swift; path = ResultTableViewCell.swift; sourceTree = "<group>"; };
		E820187D2BF20A50009ECDAE /* ResultTableViewCell.xib */ = {isa = PBXFileReference; lastKnownFileType = file.xib; path = ResultTableViewCell.xib; sourceTree = "<group>"; };
		E82018802BF23695009ECDAE /* ResultDetailViewController.swift */ = {isa = PBXFileReference; lastKnownFileType = sourcecode.swift; path = ResultDetailViewController.swift; sourceTree = "<group>"; };
		E86C4C052BEB523F0004F69C /* Tabeyou.app */ = {isa = PBXFileReference; explicitFileType = wrapper.application; includeInIndex = 0; path = Tabeyou.app; sourceTree = BUILT_PRODUCTS_DIR; };
		E86C4C082BEB523F0004F69C /* AppDelegate.swift */ = {isa = PBXFileReference; lastKnownFileType = sourcecode.swift; path = AppDelegate.swift; sourceTree = "<group>"; };
		E86C4C0A2BEB523F0004F69C /* SceneDelegate.swift */ = {isa = PBXFileReference; lastKnownFileType = sourcecode.swift; path = SceneDelegate.swift; sourceTree = "<group>"; };
		E86C4C0C2BEB523F0004F69C /* HomeViewController.swift */ = {isa = PBXFileReference; lastKnownFileType = sourcecode.swift; path = HomeViewController.swift; sourceTree = "<group>"; };
		E86C4C0F2BEB523F0004F69C /* Base */ = {isa = PBXFileReference; lastKnownFileType = file.storyboard; name = Base; path = Base.lproj/Main.storyboard; sourceTree = "<group>"; };
		E86C4C112BEB52440004F69C /* Assets.xcassets */ = {isa = PBXFileReference; lastKnownFileType = folder.assetcatalog; path = Assets.xcassets; sourceTree = "<group>"; };
		E86C4C142BEB52440004F69C /* Base */ = {isa = PBXFileReference; lastKnownFileType = file.storyboard; name = Base; path = Base.lproj/LaunchScreen.storyboard; sourceTree = "<group>"; };
		E86C4C162BEB52440004F69C /* Info.plist */ = {isa = PBXFileReference; lastKnownFileType = text.plist.xml; path = Info.plist; sourceTree = "<group>"; };
		E86C4C1E2BEB53870004F69C /* Colors.xcassets */ = {isa = PBXFileReference; lastKnownFileType = folder.assetcatalog; path = Colors.xcassets; sourceTree = "<group>"; };
		E86D1B312BF4DE7D0037E206 /* ResultListViewModel.swift */ = {isa = PBXFileReference; lastKnownFileType = sourcecode.swift; path = ResultListViewModel.swift; sourceTree = "<group>"; };
		E86D1B352BF4ECE30037E206 /* ResultDetailViewModel.swift */ = {isa = PBXFileReference; lastKnownFileType = sourcecode.swift; path = ResultDetailViewModel.swift; sourceTree = "<group>"; };
		E8D5F3DD2BF7B78800E45C5E /* ResultSortbyTableViewCell.swift */ = {isa = PBXFileReference; lastKnownFileType = sourcecode.swift; path = ResultSortbyTableViewCell.swift; sourceTree = "<group>"; };
		E8D5F3DE2BF7B78800E45C5E /* ResultSortbyTableViewCell.xib */ = {isa = PBXFileReference; lastKnownFileType = file.xib; path = ResultSortbyTableViewCell.xib; sourceTree = "<group>"; };
/* End PBXFileReference section */

/* Begin PBXFrameworksBuildPhase section */
		E820185E2BF07ABD009ECDAE /* Frameworks */ = {
			isa = PBXFrameworksBuildPhase;
			buildActionMask = 2147483647;
			files = (
			);
			runOnlyForDeploymentPostprocessing = 0;
		};
		E86C4C022BEB523F0004F69C /* Frameworks */ = {
			isa = PBXFrameworksBuildPhase;
			buildActionMask = 2147483647;
			files = (
				E8730B852C0323A2007F148E /* Kingfisher in Frameworks */,
			);
			runOnlyForDeploymentPostprocessing = 0;
		};
/* End PBXFrameworksBuildPhase section */

/* Begin PBXGroup section */
		E82018342BEDEB19009ECDAE /* Home */ = {
			isa = PBXGroup;
			children = (
				E82018452BEE0FD9009ECDAE /* Cell */,
				E86C4C0C2BEB523F0004F69C /* HomeViewController.swift */,
				E82018412BEDF690009ECDAE /* HomeViewModel.swift */,
			);
			path = Home;
			sourceTree = "<group>";
		};
		E82018352BEDEB20009ECDAE /* Search */ = {
			isa = PBXGroup;
			children = (
				E82018392BEDF4E3009ECDAE /* SearchViewController.swift */,
				E820183F2BEDF686009ECDAE /* SearchViewModel.swift */,
			);
			path = Search;
			sourceTree = "<group>";
		};
		E82018362BEDEB2B009ECDAE /* Bookmark */ = {
			isa = PBXGroup;
			children = (
				E820183B2BEDF4EF009ECDAE /* BookmarkViewController.swift */,
				E820183D2BEDF648009ECDAE /* BookmarkViewModel.swift */,
			);
			path = Bookmark;
			sourceTree = "<group>";
		};
		E82018372BEDF0F4009ECDAE /* Feature */ = {
			isa = PBXGroup;
			children = (
				E82018342BEDEB19009ECDAE /* Home */,
				E82018752BF1F90F009ECDAE /* ResultList */,
				E85616752BF62DBF009CE9C5 /* ResultDetail */,
				E82018352BEDEB20009ECDAE /* Search */,
				E82018362BEDEB2B009ECDAE /* Bookmark */,
			);
			path = Feature;
			sourceTree = "<group>";
		};
		E82018382BEDF110009ECDAE /* Model */ = {
			isa = PBXGroup;
			children = (
				E820184D2BEFDD95009ECDAE /* Restaurant.swift */,
			);
			path = Model;
			sourceTree = "<group>";
		};
		E82018452BEE0FD9009ECDAE /* Cell */ = {
			isa = PBXGroup;
			children = (
				E82018432BEE0F5F009ECDAE /* HomeBannerCollectionViewCell.swift */,
				E82018462BEE6789009ECDAE /* HomeButtonCollectionViewCell.swift */,
				E820186F2BF0EEA3009ECDAE /* HomeTextCollectionViewCell.swift */,
				E82018482BEE7A3B009ECDAE /* HomeRestaurantCollectionViewCell.swift */,
			);
			path = Cell;
			sourceTree = "<group>";
		};
		E820184A2BEF748B009ECDAE /* Network */ = {
			isa = PBXGroup;
			children = (
				E820186C2BF0A205009ECDAE /* NetworkService.swift */,
				E82018522BF06FF8009ECDAE /* URLRequest.swift */,
				E82018542BF07024009ECDAE /* HTTPMethod.swift */,
			);
			path = Network;
			sourceTree = "<group>";
		};
		E82018562BF07184009ECDAE /* Errors */ = {
			isa = PBXGroup;
			children = (
				E82018572BF071BB009ECDAE /* NetworkError.swift */,
			);
			path = Errors;
			sourceTree = "<group>";
		};
		E82018622BF07ABD009ECDAE /* TabeyouTests */ = {
			isa = PBXGroup;
			children = (
				E820184B2BEF74DC009ECDAE /* APIClient.swift */,
				E820186A2BF07AF9009ECDAE /* APIClientTest.swift */,
				E82018632BF07ABD009ECDAE /* TabeyouTests.swift */,
			);
			path = TabeyouTests;
			sourceTree = "<group>";
		};
		E82018752BF1F90F009ECDAE /* ResultList */ = {
			isa = PBXGroup;
			children = (
				E82018792BF209D3009ECDAE /* Cell */,
				E82018772BF1F954009ECDAE /* ResultListViewController.swift */,
				E86D1B312BF4DE7D0037E206 /* ResultListViewModel.swift */,
			);
			path = ResultList;
			sourceTree = "<group>";
		};
		E82018792BF209D3009ECDAE /* Cell */ = {
			isa = PBXGroup;
			children = (
				E8D5F3DD2BF7B78800E45C5E /* ResultSortbyTableViewCell.swift */,
				E8D5F3DE2BF7B78800E45C5E /* ResultSortbyTableViewCell.xib */,
				E820187C2BF20A50009ECDAE /* ResultTableViewCell.swift */,
				E820187D2BF20A50009ECDAE /* ResultTableViewCell.xib */,
			);
			path = Cell;
			sourceTree = "<group>";
		};
		E85616752BF62DBF009CE9C5 /* ResultDetail */ = {
			isa = PBXGroup;
			children = (
				E82018802BF23695009ECDAE /* ResultDetailViewController.swift */,
				E86D1B352BF4ECE30037E206 /* ResultDetailViewModel.swift */,
			);
			path = ResultDetail;
			sourceTree = "<group>";
		};
		E86C4BFC2BEB523F0004F69C = {
			isa = PBXGroup;
			children = (
				E86C4C072BEB523F0004F69C /* Tabeyou */,
				E82018622BF07ABD009ECDAE /* TabeyouTests */,
				E86C4C062BEB523F0004F69C /* Products */,
			);
			sourceTree = "<group>";
		};
		E86C4C062BEB523F0004F69C /* Products */ = {
			isa = PBXGroup;
			children = (
				E86C4C052BEB523F0004F69C /* Tabeyou.app */,
				E82018612BF07ABD009ECDAE /* TabeyouTests.xctest */,
			);
			name = Products;
			sourceTree = "<group>";
		};
		E86C4C072BEB523F0004F69C /* Tabeyou */ = {
			isa = PBXGroup;
			children = (
				E86C4C1C2BEB53390004F69C /* DesignSource */,
				E86C4C1D2BEB53450004F69C /* Delegate */,
				E82018562BF07184009ECDAE /* Errors */,
				E820184A2BEF748B009ECDAE /* Network */,
				E82018382BEDF110009ECDAE /* Model */,
				E82018372BEDF0F4009ECDAE /* Feature */,
				E86C4C0E2BEB523F0004F69C /* Main.storyboard */,
				E86C4C132BEB52440004F69C /* LaunchScreen.storyboard */,
				E86C4C162BEB52440004F69C /* Info.plist */,
			);
			path = Tabeyou;
			sourceTree = "<group>";
		};
		E86C4C1C2BEB53390004F69C /* DesignSource */ = {
			isa = PBXGroup;
			children = (
				E86C4C112BEB52440004F69C /* Assets.xcassets */,
				E86C4C1E2BEB53870004F69C /* Colors.xcassets */,
				E82018712BF0FAC2009ECDAE /* AppColors.swift */,
			);
			path = DesignSource;
			sourceTree = "<group>";
		};
		E86C4C1D2BEB53450004F69C /* Delegate */ = {
			isa = PBXGroup;
			children = (
				E86C4C082BEB523F0004F69C /* AppDelegate.swift */,
				E86C4C0A2BEB523F0004F69C /* SceneDelegate.swift */,
			);
			path = Delegate;
			sourceTree = "<group>";
		};
/* End PBXGroup section */

/* Begin PBXNativeTarget section */
		E82018602BF07ABD009ECDAE /* TabeyouTests */ = {
			isa = PBXNativeTarget;
			buildConfigurationList = E82018672BF07ABD009ECDAE /* Build configuration list for PBXNativeTarget "TabeyouTests" */;
			buildPhases = (
				E820185D2BF07ABD009ECDAE /* Sources */,
				E820185E2BF07ABD009ECDAE /* Frameworks */,
				E820185F2BF07ABD009ECDAE /* Resources */,
			);
			buildRules = (
			);
			dependencies = (
				E82018662BF07ABD009ECDAE /* PBXTargetDependency */,
			);
			name = TabeyouTests;
			productName = TabeyouTests;
			productReference = E82018612BF07ABD009ECDAE /* TabeyouTests.xctest */;
			productType = "com.apple.product-type.bundle.unit-test";
		};
		E86C4C042BEB523F0004F69C /* Tabeyou */ = {
			isa = PBXNativeTarget;
			buildConfigurationList = E86C4C192BEB52440004F69C /* Build configuration list for PBXNativeTarget "Tabeyou" */;
			buildPhases = (
				E86C4C012BEB523F0004F69C /* Sources */,
				E86C4C022BEB523F0004F69C /* Frameworks */,
				E86C4C032BEB523F0004F69C /* Resources */,
			);
			buildRules = (
			);
			dependencies = (
			);
			name = Tabeyou;
			packageProductDependencies = (
				E8730B842C0323A2007F148E /* Kingfisher */,
			);
			productName = Tabeyou;
			productReference = E86C4C052BEB523F0004F69C /* Tabeyou.app */;
			productType = "com.apple.product-type.application";
		};
/* End PBXNativeTarget section */

/* Begin PBXProject section */
		E86C4BFD2BEB523F0004F69C /* Project object */ = {
			isa = PBXProject;
			attributes = {
				BuildIndependentTargetsInParallel = 1;
				LastSwiftUpdateCheck = 1530;
				LastUpgradeCheck = 1530;
				TargetAttributes = {
					E82018602BF07ABD009ECDAE = {
						CreatedOnToolsVersion = 15.3;
						TestTargetID = E86C4C042BEB523F0004F69C;
					};
					E86C4C042BEB523F0004F69C = {
						CreatedOnToolsVersion = 15.3;
					};
				};
			};
			buildConfigurationList = E86C4C002BEB523F0004F69C /* Build configuration list for PBXProject "Tabeyou" */;
			compatibilityVersion = "Xcode 14.0";
			developmentRegion = en;
			hasScannedForEncodings = 0;
			knownRegions = (
				en,
				Base,
			);
			mainGroup = E86C4BFC2BEB523F0004F69C;
			packageReferences = (
				E8730B832C0323A2007F148E /* XCRemoteSwiftPackageReference "Kingfisher" */,
			);
			productRefGroup = E86C4C062BEB523F0004F69C /* Products */;
			projectDirPath = "";
			projectRoot = "";
			targets = (
				E86C4C042BEB523F0004F69C /* Tabeyou */,
				E82018602BF07ABD009ECDAE /* TabeyouTests */,
			);
		};
/* End PBXProject section */

/* Begin PBXResourcesBuildPhase section */
		E820185F2BF07ABD009ECDAE /* Resources */ = {
			isa = PBXResourcesBuildPhase;
			buildActionMask = 2147483647;
			files = (
			);
			runOnlyForDeploymentPostprocessing = 0;
		};
		E86C4C032BEB523F0004F69C /* Resources */ = {
			isa = PBXResourcesBuildPhase;
			buildActionMask = 2147483647;
			files = (
				E820187F2BF20A50009ECDAE /* ResultTableViewCell.xib in Resources */,
				E86C4C122BEB52440004F69C /* Assets.xcassets in Resources */,
				E86C4C1F2BEB53870004F69C /* Colors.xcassets in Resources */,
				E86C4C152BEB52440004F69C /* Base in Resources */,
				E86C4C102BEB523F0004F69C /* Base in Resources */,
				E8D5F3E02BF7B78800E45C5E /* ResultSortbyTableViewCell.xib in Resources */,
			);
			runOnlyForDeploymentPostprocessing = 0;
		};
/* End PBXResourcesBuildPhase section */

/* Begin PBXSourcesBuildPhase section */
		E820185D2BF07ABD009ECDAE /* Sources */ = {
			isa = PBXSourcesBuildPhase;
			buildActionMask = 2147483647;
			files = (
				E82018642BF07ABD009ECDAE /* TabeyouTests.swift in Sources */,
				E820186B2BF07AF9009ECDAE /* APIClientTest.swift in Sources */,
				E820186E2BF0B050009ECDAE /* APIClient.swift in Sources */,
			);
			runOnlyForDeploymentPostprocessing = 0;
		};
		E86C4C012BEB523F0004F69C /* Sources */ = {
			isa = PBXSourcesBuildPhase;
			buildActionMask = 2147483647;
			files = (
				E820183E2BEDF648009ECDAE /* BookmarkViewModel.swift in Sources */,
				E82018702BF0EEA3009ECDAE /* HomeTextCollectionViewCell.swift in Sources */,
				E82018552BF07024009ECDAE /* HTTPMethod.swift in Sources */,
				E86D1B362BF4ECE30037E206 /* ResultDetailViewModel.swift in Sources */,
				E82018532BF06FF8009ECDAE /* URLRequest.swift in Sources */,
				E82018472BEE6789009ECDAE /* HomeButtonCollectionViewCell.swift in Sources */,
				E82018442BEE0F5F009ECDAE /* HomeBannerCollectionViewCell.swift in Sources */,
				E820186D2BF0A205009ECDAE /* NetworkService.swift in Sources */,
				E820184E2BEFDD95009ECDAE /* Restaurant.swift in Sources */,
				E82018492BEE7A3B009ECDAE /* HomeRestaurantCollectionViewCell.swift in Sources */,
				E82018812BF23695009ECDAE /* ResultDetailViewController.swift in Sources */,
				E82018722BF0FAC2009ECDAE /* AppColors.swift in Sources */,
				E86D1B322BF4DE7D0037E206 /* ResultListViewModel.swift in Sources */,
				E82018402BEDF686009ECDAE /* SearchViewModel.swift in Sources */,
				E86C4C0D2BEB523F0004F69C /* HomeViewController.swift in Sources */,
				E8D5F3DF2BF7B78800E45C5E /* ResultSortbyTableViewCell.swift in Sources */,
				E82018422BEDF690009ECDAE /* HomeViewModel.swift in Sources */,
				E86C4C092BEB523F0004F69C /* AppDelegate.swift in Sources */,
				E82018782BF1F954009ECDAE /* ResultListViewController.swift in Sources */,
				E820183A2BEDF4E3009ECDAE /* SearchViewController.swift in Sources */,
				E82018582BF071BB009ECDAE /* NetworkError.swift in Sources */,
				E86C4C0B2BEB523F0004F69C /* SceneDelegate.swift in Sources */,
				E820187E2BF20A50009ECDAE /* ResultTableViewCell.swift in Sources */,
				E820183C2BEDF4EF009ECDAE /* BookmarkViewController.swift in Sources */,
			);
			runOnlyForDeploymentPostprocessing = 0;
		};
/* End PBXSourcesBuildPhase section */

/* Begin PBXTargetDependency section */
		E82018662BF07ABD009ECDAE /* PBXTargetDependency */ = {
			isa = PBXTargetDependency;
			target = E86C4C042BEB523F0004F69C /* Tabeyou */;
			targetProxy = E82018652BF07ABD009ECDAE /* PBXContainerItemProxy */;
		};
/* End PBXTargetDependency section */

/* Begin PBXVariantGroup section */
		E86C4C0E2BEB523F0004F69C /* Main.storyboard */ = {
			isa = PBXVariantGroup;
			children = (
				E86C4C0F2BEB523F0004F69C /* Base */,
			);
			name = Main.storyboard;
			sourceTree = "<group>";
		};
		E86C4C132BEB52440004F69C /* LaunchScreen.storyboard */ = {
			isa = PBXVariantGroup;
			children = (
				E86C4C142BEB52440004F69C /* Base */,
			);
			name = LaunchScreen.storyboard;
			sourceTree = "<group>";
		};
/* End PBXVariantGroup section */

/* Begin XCBuildConfiguration section */
		E82018682BF07ABD009ECDAE /* Debug */ = {
			isa = XCBuildConfiguration;
			buildSettings = {
				BUNDLE_LOADER = "$(TEST_HOST)";
				CODE_SIGN_STYLE = Automatic;
				CURRENT_PROJECT_VERSION = 1;
				DEVELOPMENT_TEAM = JN2CR5DW2J;
				GENERATE_INFOPLIST_FILE = YES;
				MARKETING_VERSION = 1.0;
				PRODUCT_BUNDLE_IDENTIFIER = com.hj.TabeyouTests;
				PRODUCT_NAME = "$(TARGET_NAME)";
				SWIFT_EMIT_LOC_STRINGS = NO;
				SWIFT_VERSION = 5.0;
				TARGETED_DEVICE_FAMILY = "1,2";
				TEST_HOST = "$(BUILT_PRODUCTS_DIR)/Tabeyou.app/$(BUNDLE_EXECUTABLE_FOLDER_PATH)/Tabeyou";
			};
			name = Debug;
		};
		E82018692BF07ABD009ECDAE /* Release */ = {
			isa = XCBuildConfiguration;
			buildSettings = {
				BUNDLE_LOADER = "$(TEST_HOST)";
				CODE_SIGN_STYLE = Automatic;
				CURRENT_PROJECT_VERSION = 1;
				DEVELOPMENT_TEAM = JN2CR5DW2J;
				GENERATE_INFOPLIST_FILE = YES;
				MARKETING_VERSION = 1.0;
				PRODUCT_BUNDLE_IDENTIFIER = com.hj.TabeyouTests;
				PRODUCT_NAME = "$(TARGET_NAME)";
				SWIFT_EMIT_LOC_STRINGS = NO;
				SWIFT_VERSION = 5.0;
				TARGETED_DEVICE_FAMILY = "1,2";
				TEST_HOST = "$(BUILT_PRODUCTS_DIR)/Tabeyou.app/$(BUNDLE_EXECUTABLE_FOLDER_PATH)/Tabeyou";
			};
			name = Release;
		};
		E86C4C172BEB52440004F69C /* Debug */ = {
			isa = XCBuildConfiguration;
			buildSettings = {
				ALWAYS_SEARCH_USER_PATHS = NO;
				ASSETCATALOG_COMPILER_GENERATE_SWIFT_ASSET_SYMBOL_EXTENSIONS = YES;
				CLANG_ANALYZER_NONNULL = YES;
				CLANG_ANALYZER_NUMBER_OBJECT_CONVERSION = YES_AGGRESSIVE;
				CLANG_CXX_LANGUAGE_STANDARD = "gnu++20";
				CLANG_ENABLE_MODULES = YES;
				CLANG_ENABLE_OBJC_ARC = YES;
				CLANG_ENABLE_OBJC_WEAK = YES;
				CLANG_WARN_BLOCK_CAPTURE_AUTORELEASING = YES;
				CLANG_WARN_BOOL_CONVERSION = YES;
				CLANG_WARN_COMMA = YES;
				CLANG_WARN_CONSTANT_CONVERSION = YES;
				CLANG_WARN_DEPRECATED_OBJC_IMPLEMENTATIONS = YES;
				CLANG_WARN_DIRECT_OBJC_ISA_USAGE = YES_ERROR;
				CLANG_WARN_DOCUMENTATION_COMMENTS = YES;
				CLANG_WARN_EMPTY_BODY = YES;
				CLANG_WARN_ENUM_CONVERSION = YES;
				CLANG_WARN_INFINITE_RECURSION = YES;
				CLANG_WARN_INT_CONVERSION = YES;
				CLANG_WARN_NON_LITERAL_NULL_CONVERSION = YES;
				CLANG_WARN_OBJC_IMPLICIT_RETAIN_SELF = YES;
				CLANG_WARN_OBJC_LITERAL_CONVERSION = YES;
				CLANG_WARN_OBJC_ROOT_CLASS = YES_ERROR;
				CLANG_WARN_QUOTED_INCLUDE_IN_FRAMEWORK_HEADER = YES;
				CLANG_WARN_RANGE_LOOP_ANALYSIS = YES;
				CLANG_WARN_STRICT_PROTOTYPES = YES;
				CLANG_WARN_SUSPICIOUS_MOVE = YES;
				CLANG_WARN_UNGUARDED_AVAILABILITY = YES_AGGRESSIVE;
				CLANG_WARN_UNREACHABLE_CODE = YES;
				CLANG_WARN__DUPLICATE_METHOD_MATCH = YES;
				COPY_PHASE_STRIP = NO;
				DEBUG_INFORMATION_FORMAT = dwarf;
				ENABLE_STRICT_OBJC_MSGSEND = YES;
				ENABLE_TESTABILITY = YES;
				ENABLE_USER_SCRIPT_SANDBOXING = YES;
				GCC_C_LANGUAGE_STANDARD = gnu17;
				GCC_DYNAMIC_NO_PIC = NO;
				GCC_NO_COMMON_BLOCKS = YES;
				GCC_OPTIMIZATION_LEVEL = 0;
				GCC_PREPROCESSOR_DEFINITIONS = (
					"DEBUG=1",
					"$(inherited)",
				);
				GCC_WARN_64_TO_32_BIT_CONVERSION = YES;
				GCC_WARN_ABOUT_RETURN_TYPE = YES_ERROR;
				GCC_WARN_UNDECLARED_SELECTOR = YES;
				GCC_WARN_UNINITIALIZED_AUTOS = YES_AGGRESSIVE;
				GCC_WARN_UNUSED_FUNCTION = YES;
				GCC_WARN_UNUSED_VARIABLE = YES;
				IPHONEOS_DEPLOYMENT_TARGET = 17.4;
				LOCALIZATION_PREFERS_STRING_CATALOGS = YES;
				MTL_ENABLE_DEBUG_INFO = INCLUDE_SOURCE;
				MTL_FAST_MATH = YES;
				ONLY_ACTIVE_ARCH = YES;
				SDKROOT = iphoneos;
				SWIFT_ACTIVE_COMPILATION_CONDITIONS = "DEBUG $(inherited)";
				SWIFT_OPTIMIZATION_LEVEL = "-Onone";
			};
			name = Debug;
		};
		E86C4C182BEB52440004F69C /* Release */ = {
			isa = XCBuildConfiguration;
			buildSettings = {
				ALWAYS_SEARCH_USER_PATHS = NO;
				ASSETCATALOG_COMPILER_GENERATE_SWIFT_ASSET_SYMBOL_EXTENSIONS = YES;
				CLANG_ANALYZER_NONNULL = YES;
				CLANG_ANALYZER_NUMBER_OBJECT_CONVERSION = YES_AGGRESSIVE;
				CLANG_CXX_LANGUAGE_STANDARD = "gnu++20";
				CLANG_ENABLE_MODULES = YES;
				CLANG_ENABLE_OBJC_ARC = YES;
				CLANG_ENABLE_OBJC_WEAK = YES;
				CLANG_WARN_BLOCK_CAPTURE_AUTORELEASING = YES;
				CLANG_WARN_BOOL_CONVERSION = YES;
				CLANG_WARN_COMMA = YES;
				CLANG_WARN_CONSTANT_CONVERSION = YES;
				CLANG_WARN_DEPRECATED_OBJC_IMPLEMENTATIONS = YES;
				CLANG_WARN_DIRECT_OBJC_ISA_USAGE = YES_ERROR;
				CLANG_WARN_DOCUMENTATION_COMMENTS = YES;
				CLANG_WARN_EMPTY_BODY = YES;
				CLANG_WARN_ENUM_CONVERSION = YES;
				CLANG_WARN_INFINITE_RECURSION = YES;
				CLANG_WARN_INT_CONVERSION = YES;
				CLANG_WARN_NON_LITERAL_NULL_CONVERSION = YES;
				CLANG_WARN_OBJC_IMPLICIT_RETAIN_SELF = YES;
				CLANG_WARN_OBJC_LITERAL_CONVERSION = YES;
				CLANG_WARN_OBJC_ROOT_CLASS = YES_ERROR;
				CLANG_WARN_QUOTED_INCLUDE_IN_FRAMEWORK_HEADER = YES;
				CLANG_WARN_RANGE_LOOP_ANALYSIS = YES;
				CLANG_WARN_STRICT_PROTOTYPES = YES;
				CLANG_WARN_SUSPICIOUS_MOVE = YES;
				CLANG_WARN_UNGUARDED_AVAILABILITY = YES_AGGRESSIVE;
				CLANG_WARN_UNREACHABLE_CODE = YES;
				CLANG_WARN__DUPLICATE_METHOD_MATCH = YES;
				COPY_PHASE_STRIP = NO;
				DEBUG_INFORMATION_FORMAT = "dwarf-with-dsym";
				ENABLE_NS_ASSERTIONS = NO;
				ENABLE_STRICT_OBJC_MSGSEND = YES;
				ENABLE_USER_SCRIPT_SANDBOXING = YES;
				GCC_C_LANGUAGE_STANDARD = gnu17;
				GCC_NO_COMMON_BLOCKS = YES;
				GCC_WARN_64_TO_32_BIT_CONVERSION = YES;
				GCC_WARN_ABOUT_RETURN_TYPE = YES_ERROR;
				GCC_WARN_UNDECLARED_SELECTOR = YES;
				GCC_WARN_UNINITIALIZED_AUTOS = YES_AGGRESSIVE;
				GCC_WARN_UNUSED_FUNCTION = YES;
				GCC_WARN_UNUSED_VARIABLE = YES;
				IPHONEOS_DEPLOYMENT_TARGET = 17.4;
				LOCALIZATION_PREFERS_STRING_CATALOGS = YES;
				MTL_ENABLE_DEBUG_INFO = NO;
				MTL_FAST_MATH = YES;
				SDKROOT = iphoneos;
				SWIFT_COMPILATION_MODE = wholemodule;
				VALIDATE_PRODUCT = YES;
			};
			name = Release;
		};
		E86C4C1A2BEB52440004F69C /* Debug */ = {
			isa = XCBuildConfiguration;
			buildSettings = {
				ASSETCATALOG_COMPILER_APPICON_NAME = AppIcon;
				ASSETCATALOG_COMPILER_GLOBAL_ACCENT_COLOR_NAME = AccentColor;
				CODE_SIGN_STYLE = Automatic;
				CURRENT_PROJECT_VERSION = 1;
				DEVELOPMENT_TEAM = JN2CR5DW2J;
				GENERATE_INFOPLIST_FILE = YES;
				INFOPLIST_FILE = Tabeyou/Info.plist;
				INFOPLIST_KEY_NSLocationWhenInUseUsageDescription = "ユーザーの場所に基づいてサービスを提供するために権限が必要です。";
				INFOPLIST_KEY_UIApplicationSupportsIndirectInputEvents = YES;
				INFOPLIST_KEY_UILaunchStoryboardName = LaunchScreen;
				INFOPLIST_KEY_UIMainStoryboardFile = Main;
				INFOPLIST_KEY_UISupportedInterfaceOrientations_iPad = "UIInterfaceOrientationPortrait UIInterfaceOrientationPortraitUpsideDown UIInterfaceOrientationLandscapeLeft UIInterfaceOrientationLandscapeRight";
				INFOPLIST_KEY_UISupportedInterfaceOrientations_iPhone = "UIInterfaceOrientationPortrait UIInterfaceOrientationLandscapeLeft UIInterfaceOrientationLandscapeRight";
				IPHONEOS_DEPLOYMENT_TARGET = 17.4;
				LD_RUNPATH_SEARCH_PATHS = (
					"$(inherited)",
					"@executable_path/Frameworks",
				);
				MARKETING_VERSION = 1.0;
				PRODUCT_BUNDLE_IDENTIFIER = com.yhj.Tabeyou;
				PRODUCT_NAME = "$(TARGET_NAME)";
				SWIFT_EMIT_LOC_STRINGS = YES;
				SWIFT_VERSION = 5.0;
				TARGETED_DEVICE_FAMILY = "1,2";
			};
			name = Debug;
		};
		E86C4C1B2BEB52440004F69C /* Release */ = {
			isa = XCBuildConfiguration;
			buildSettings = {
				ASSETCATALOG_COMPILER_APPICON_NAME = AppIcon;
				ASSETCATALOG_COMPILER_GLOBAL_ACCENT_COLOR_NAME = AccentColor;
				CODE_SIGN_STYLE = Automatic;
				CURRENT_PROJECT_VERSION = 1;
				DEVELOPMENT_TEAM = JN2CR5DW2J;
				GENERATE_INFOPLIST_FILE = YES;
				INFOPLIST_FILE = Tabeyou/Info.plist;
				INFOPLIST_KEY_NSLocationWhenInUseUsageDescription = "ユーザーの場所に基づいてサービスを提供するために権限が必要です。";
				INFOPLIST_KEY_UIApplicationSupportsIndirectInputEvents = YES;
				INFOPLIST_KEY_UILaunchStoryboardName = LaunchScreen;
				INFOPLIST_KEY_UIMainStoryboardFile = Main;
				INFOPLIST_KEY_UISupportedInterfaceOrientations_iPad = "UIInterfaceOrientationPortrait UIInterfaceOrientationPortraitUpsideDown UIInterfaceOrientationLandscapeLeft UIInterfaceOrientationLandscapeRight";
				INFOPLIST_KEY_UISupportedInterfaceOrientations_iPhone = "UIInterfaceOrientationPortrait UIInterfaceOrientationLandscapeLeft UIInterfaceOrientationLandscapeRight";
				IPHONEOS_DEPLOYMENT_TARGET = 17.4;
				LD_RUNPATH_SEARCH_PATHS = (
					"$(inherited)",
					"@executable_path/Frameworks",
				);
				MARKETING_VERSION = 1.0;
				PRODUCT_BUNDLE_IDENTIFIER = com.yhj.Tabeyou;
				PRODUCT_NAME = "$(TARGET_NAME)";
				SWIFT_EMIT_LOC_STRINGS = YES;
				SWIFT_VERSION = 5.0;
				TARGETED_DEVICE_FAMILY = "1,2";
			};
			name = Release;
		};
/* End XCBuildConfiguration section */

/* Begin XCConfigurationList section */
		E82018672BF07ABD009ECDAE /* Build configuration list for PBXNativeTarget "TabeyouTests" */ = {
			isa = XCConfigurationList;
			buildConfigurations = (
				E82018682BF07ABD009ECDAE /* Debug */,
				E82018692BF07ABD009ECDAE /* Release */,
			);
			defaultConfigurationIsVisible = 0;
			defaultConfigurationName = Release;
		};
		E86C4C002BEB523F0004F69C /* Build configuration list for PBXProject "Tabeyou" */ = {
			isa = XCConfigurationList;
			buildConfigurations = (
				E86C4C172BEB52440004F69C /* Debug */,
				E86C4C182BEB52440004F69C /* Release */,
			);
			defaultConfigurationIsVisible = 0;
			defaultConfigurationName = Release;
		};
		E86C4C192BEB52440004F69C /* Build configuration list for PBXNativeTarget "Tabeyou" */ = {
			isa = XCConfigurationList;
			buildConfigurations = (
				E86C4C1A2BEB52440004F69C /* Debug */,
				E86C4C1B2BEB52440004F69C /* Release */,
			);
			defaultConfigurationIsVisible = 0;
			defaultConfigurationName = Release;
		};
/* End XCConfigurationList section */

/* Begin XCRemoteSwiftPackageReference section */
		E8730B832C0323A2007F148E /* XCRemoteSwiftPackageReference "Kingfisher" */ = {
			isa = XCRemoteSwiftPackageReference;
			repositoryURL = "https://github.com/onevcat/Kingfisher.git";
			requirement = {
				kind = upToNextMajorVersion;
				minimumVersion = 7.11.0;
			};
		};
/* End XCRemoteSwiftPackageReference section */

/* Begin XCSwiftPackageProductDependency section */
		E8730B842C0323A2007F148E /* Kingfisher */ = {
			isa = XCSwiftPackageProductDependency;
			package = E8730B832C0323A2007F148E /* XCRemoteSwiftPackageReference "Kingfisher" */;
			productName = Kingfisher;
		};
/* End XCSwiftPackageProductDependency section */
	};
	rootObject = E86C4BFD2BEB523F0004F69C /* Project object */;
}
